# This file is automatically @generated by Cargo.
# It is not intended for manual editing.
version = 4

[[package]]
name = "nshedit"
version = "0.0.0"
dependencies = [
 "nshterm",
]

[[package]]
name = "nshedit-abi"
version = "0.0.0"
dependencies = [
 "nshedit",
]

[[package]]
name = "nshterm"
version = "0.1.0"
